
Microsoft Visual Studio Solution File, Format Version 12.00
# Visual Studio Version 17
VisualStudioVersion = 17.9.34616.47
MinimumVisualStudioVersion = 10.0.40219.1
Project("{9A19103F-16F7-4668-BE54-9A1E7A4F7556}") = "Lab2_KO", "Lab2_KO\Lab2_KO.csproj", "{222330C6-A15D-4C18-90E8-29B7E2A2E659}"
EndProject
Project("{9A19103F-16F7-4668-BE54-9A1E7A4F7556}") = "UnitTests", "UnitTests\UnitTests.csproj", "{F993699C-4898-400D-BEED-EBCF4A452B83}"
EndProject
Project("{FAE04EC0-301F-11D3-BF4B-00C04F79EFBC}") = "Interface", "Interface\Interface.csproj", "{AE9A418C-87B0-4902-87A9-0232DC362B1C}"
EndProject
Global
	GlobalSection(SolutionConfigurationPlatforms) = preSolution
		Debug|Any CPU = Debug|Any CPU
		Release|Any CPU = Release|Any CPU
	EndGlobalSection
	GlobalSection(ProjectConfigurationPlatforms) = postSolution
		{222330C6-A15D-4C18-90E8-29B7E2A2E659}.Debug|Any CPU.ActiveCfg = Debug|Any CPU
		{222330C6-A15D-4C18-90E8-29B7E2A2E659}.Debug|Any CPU.Build.0 = Debug|Any CPU
		{222330C6-A15D-4C18-90E8-29B7E2A2E659}.Release|Any CPU.ActiveCfg = Release|Any CPU
		{222330C6-A15D-4C18-90E8-29B7E2A2E659}.Release|Any CPU.Build.0 = Release|Any CPU
		{F993699C-4898-400D-BEED-EBCF4A452B83}.Debug|Any CPU.ActiveCfg = Debug|Any CPU
		{F993699C-4898-400D-BEED-EBCF4A452B83}.Debug|Any CPU.Build.0 = Debug|Any CPU
		{F993699C-4898-400D-BEED-EBCF4A452B83}.Release|Any CPU.ActiveCfg = Release|Any CPU
		{F993699C-4898-400D-BEED-EBCF4A452B83}.Release|Any CPU.Build.0 = Release|Any CPU
		{AE9A418C-87B0-4902-87A9-0232DC362B1C}.Debug|Any CPU.ActiveCfg = Debug|Any CPU
		{AE9A418C-87B0-4902-87A9-0232DC362B1C}.Debug|Any CPU.Build.0 = Debug|Any CPU
		{AE9A418C-87B0-4902-87A9-0232DC362B1C}.Release|Any CPU.ActiveCfg = Release|Any CPU
		{AE9A418C-87B0-4902-87A9-0232DC362B1C}.Release|Any CPU.Build.0 = Release|Any CPU
	EndGlobalSection
	GlobalSection(SolutionProperties) = preSolution
		HideSolutionNode = FALSE
	EndGlobalSection
	GlobalSection(ExtensibilityGlobals) = postSolution
		SolutionGuid = {BDE8041A-47D7-4A48-AE61-9D1532DF4295}
	EndGlobalSection
EndGlobal
